
Microsoft Visual Studio Solution File, Format Version 12.00
Project("{FAE04EC0-301F-11D3-BF4B-00C04F79EFBC}") = "Services", "src\Services\Services.csproj", "{93A8C96D-13BF-4ABA-8B9B-9FBF5431BAA9}"
EndProject
Project("{FAE04EC0-301F-11D3-BF4B-00C04F79EFBC}") = "AvaloniaClient", "src\AvaloniaClient\AvaloniaClient.csproj", "{002F2449-5F08-4505-8BB8-5F95C21E28FC}"
EndProject
Project("{FAE04EC0-301F-11D3-BF4B-00C04F79EFBC}") = "Server", "src\Server\Server.csproj", "{DB4515A5-0564-4292-9D3B-4FEA80911226}"
EndProject
Project("{FAE04EC0-301F-11D3-BF4B-00C04F79EFBC}") = "Networking", "src\Networking\Networking.csproj", "{056711B1-8788-4B92-93CD-24F754718D40}"
EndProject
Project("{FAE04EC0-301F-11D3-BF4B-00C04F79EFBC}") = "Persistence", "src\Persistence\Persistence.csproj", "{AD329D51-3FB9-4A5E-8643-DDA9839629E8}"
EndProject
Project("{FAE04EC0-301F-11D3-BF4B-00C04F79EFBC}") = "Model", "src\Model\Model.csproj", "{80A69300-0E60-46A9-BECC-EEC0E7A93CFC}"
EndProject
Project("{54A90642-561A-4BB1-A94E-469ADEE60C69}") = "ReactClient", "src\ReactClient\ReactClient.esproj", "{7CAAB710-549B-4375-816D-317804473874}"
EndProject
Project("{2150E333-8FDC-42A3-9474-1A3956D46DE8}") = "tests", "tests", "{0AB3BF05-4346-4AA6-1389-037BE0695223}"
EndProject
Project("{FAE04EC0-301F-11D3-BF4B-00C04F79EFBC}") = "AppTests", "tests\AppTests\AppTests.csproj", "{695BCC6C-4CCE-4701-8645-14B48B5DDC61}"
EndProject
Global
	GlobalSection(SolutionConfigurationPlatforms) = preSolution
		Debug|Any CPU = Debug|Any CPU
		Debug|x64 = Debug|x64
		Debug|x86 = Debug|x86
		Release|Any CPU = Release|Any CPU
		Release|x64 = Release|x64
		Release|x86 = Release|x86
	EndGlobalSection
	GlobalSection(ProjectConfigurationPlatforms) = postSolution
		{93A8C96D-13BF-4ABA-8B9B-9FBF5431BAA9}.Debug|Any CPU.ActiveCfg = Debug|Any CPU
		{93A8C96D-13BF-4ABA-8B9B-9FBF5431BAA9}.Debug|Any CPU.Build.0 = Debug|Any CPU
		{93A8C96D-13BF-4ABA-8B9B-9FBF5431BAA9}.Debug|x64.ActiveCfg = Debug|Any CPU
		{93A8C96D-13BF-4ABA-8B9B-9FBF5431BAA9}.Debug|x64.Build.0 = Debug|Any CPU
		{93A8C96D-13BF-4ABA-8B9B-9FBF5431BAA9}.Debug|x86.ActiveCfg = Debug|Any CPU
		{93A8C96D-13BF-4ABA-8B9B-9FBF5431BAA9}.Debug|x86.Build.0 = Debug|Any CPU
		{93A8C96D-13BF-4ABA-8B9B-9FBF5431BAA9}.Release|Any CPU.ActiveCfg = Release|Any CPU
		{93A8C96D-13BF-4ABA-8B9B-9FBF5431BAA9}.Release|Any CPU.Build.0 = Release|Any CPU
		{93A8C96D-13BF-4ABA-8B9B-9FBF5431BAA9}.Release|x64.ActiveCfg = Release|Any CPU
		{93A8C96D-13BF-4ABA-8B9B-9FBF5431BAA9}.Release|x64.Build.0 = Release|Any CPU
		{93A8C96D-13BF-4ABA-8B9B-9FBF5431BAA9}.Release|x86.ActiveCfg = Release|Any CPU
		{93A8C96D-13BF-4ABA-8B9B-9FBF5431BAA9}.Release|x86.Build.0 = Release|Any CPU
		{002F2449-5F08-4505-8BB8-5F95C21E28FC}.Debug|Any CPU.ActiveCfg = Debug|Any CPU
		{002F2449-5F08-4505-8BB8-5F95C21E28FC}.Debug|Any CPU.Build.0 = Debug|Any CPU
		{002F2449-5F08-4505-8BB8-5F95C21E28FC}.Debug|x64.ActiveCfg = Debug|Any CPU
		{002F2449-5F08-4505-8BB8-5F95C21E28FC}.Debug|x64.Build.0 = Debug|Any CPU
		{002F2449-5F08-4505-8BB8-5F95C21E28FC}.Debug|x86.ActiveCfg = Debug|Any CPU
		{002F2449-5F08-4505-8BB8-5F95C21E28FC}.Debug|x86.Build.0 = Debug|Any CPU
		{002F2449-5F08-4505-8BB8-5F95C21E28FC}.Release|Any CPU.ActiveCfg = Release|Any CPU
		{002F2449-5F08-4505-8BB8-5F95C21E28FC}.Release|Any CPU.Build.0 = Release|Any CPU
		{002F2449-5F08-4505-8BB8-5F95C21E28FC}.Release|x64.ActiveCfg = Release|Any CPU
		{002F2449-5F08-4505-8BB8-5F95C21E28FC}.Release|x64.Build.0 = Release|Any CPU
		{002F2449-5F08-4505-8BB8-5F95C21E28FC}.Release|x86.ActiveCfg = Release|Any CPU
		{002F2449-5F08-4505-8BB8-5F95C21E28FC}.Release|x86.Build.0 = Release|Any CPU
		{DB4515A5-0564-4292-9D3B-4FEA80911226}.Debug|Any CPU.ActiveCfg = Debug|Any CPU
		{DB4515A5-0564-4292-9D3B-4FEA80911226}.Debug|Any CPU.Build.0 = Debug|Any CPU
		{DB4515A5-0564-4292-9D3B-4FEA80911226}.Debug|x64.ActiveCfg = Debug|Any CPU
		{DB4515A5-0564-4292-9D3B-4FEA80911226}.Debug|x64.Build.0 = Debug|Any CPU
		{DB4515A5-0564-4292-9D3B-4FEA80911226}.Debug|x86.ActiveCfg = Debug|Any CPU
		{DB4515A5-0564-4292-9D3B-4FEA80911226}.Debug|x86.Build.0 = Debug|Any CPU
		{DB4515A5-0564-4292-9D3B-4FEA80911226}.Release|Any CPU.ActiveCfg = Release|Any CPU
		{DB4515A5-0564-4292-9D3B-4FEA80911226}.Release|Any CPU.Build.0 = Release|Any CPU
		{DB4515A5-0564-4292-9D3B-4FEA80911226}.Release|x64.ActiveCfg = Release|Any CPU
		{DB4515A5-0564-4292-9D3B-4FEA80911226}.Release|x64.Build.0 = Release|Any CPU
		{DB4515A5-0564-4292-9D3B-4FEA80911226}.Release|x86.ActiveCfg = Release|Any CPU
		{DB4515A5-0564-4292-9D3B-4FEA80911226}.Release|x86.Build.0 = Release|Any CPU
		{056711B1-8788-4B92-93CD-24F754718D40}.Debug|Any CPU.ActiveCfg = Debug|Any CPU
		{056711B1-8788-4B92-93CD-24F754718D40}.Debug|Any CPU.Build.0 = Debug|Any CPU
		{056711B1-8788-4B92-93CD-24F754718D40}.Debug|x64.ActiveCfg = Debug|Any CPU
		{056711B1-8788-4B92-93CD-24F754718D40}.Debug|x64.Build.0 = Debug|Any CPU
		{056711B1-8788-4B92-93CD-24F754718D40}.Debug|x86.ActiveCfg = Debug|Any CPU
		{056711B1-8788-4B92-93CD-24F754718D40}.Debug|x86.Build.0 = Debug|Any CPU
		{056711B1-8788-4B92-93CD-24F754718D40}.Release|Any CPU.ActiveCfg = Release|Any CPU
		{056711B1-8788-4B92-93CD-24F754718D40}.Release|Any CPU.Build.0 = Release|Any CPU
		{056711B1-8788-4B92-93CD-24F754718D40}.Release|x64.ActiveCfg = Release|Any CPU
		{056711B1-8788-4B92-93CD-24F754718D40}.Release|x64.Build.0 = Release|Any CPU
		{056711B1-8788-4B92-93CD-24F754718D40}.Release|x86.ActiveCfg = Release|Any CPU
		{056711B1-8788-4B92-93CD-24F754718D40}.Release|x86.Build.0 = Release|Any CPU
		{AD329D51-3FB9-4A5E-8643-DDA9839629E8}.Debug|Any CPU.ActiveCfg = Debug|Any CPU
		{AD329D51-3FB9-4A5E-8643-DDA9839629E8}.Debug|Any CPU.Build.0 = Debug|Any CPU
		{AD329D51-3FB9-4A5E-8643-DDA9839629E8}.Debug|x64.ActiveCfg = Debug|Any CPU
		{AD329D51-3FB9-4A5E-8643-DDA9839629E8}.Debug|x64.Build.0 = Debug|Any CPU
		{AD329D51-3FB9-4A5E-8643-DDA9839629E8}.Debug|x86.ActiveCfg = Debug|Any CPU
		{AD329D51-3FB9-4A5E-8643-DDA9839629E8}.Debug|x86.Build.0 = Debug|Any CPU
		{AD329D51-3FB9-4A5E-8643-DDA9839629E8}.Release|Any CPU.ActiveCfg = Release|Any CPU
		{AD329D51-3FB9-4A5E-8643-DDA9839629E8}.Release|Any CPU.Build.0 = Release|Any CPU
		{AD329D51-3FB9-4A5E-8643-DDA9839629E8}.Release|x64.ActiveCfg = Release|Any CPU
		{AD329D51-3FB9-4A5E-8643-DDA9839629E8}.Release|x64.Build.0 = Release|Any CPU
		{AD329D51-3FB9-4A5E-8643-DDA9839629E8}.Release|x86.ActiveCfg = Release|Any CPU
		{AD329D51-3FB9-4A5E-8643-DDA9839629E8}.Release|x86.Build.0 = Release|Any CPU
		{80A69300-0E60-46A9-BECC-EEC0E7A93CFC}.Debug|Any CPU.ActiveCfg = Debug|Any CPU
		{80A69300-0E60-46A9-BECC-EEC0E7A93CFC}.Debug|Any CPU.Build.0 = Debug|Any CPU
		{80A69300-0E60-46A9-BECC-EEC0E7A93CFC}.Debug|x64.ActiveCfg = Debug|Any CPU
		{80A69300-0E60-46A9-BECC-EEC0E7A93CFC}.Debug|x64.Build.0 = Debug|Any CPU
		{80A69300-0E60-46A9-BECC-EEC0E7A93CFC}.Debug|x86.ActiveCfg = Debug|Any CPU
		{80A69300-0E60-46A9-BECC-EEC0E7A93CFC}.Debug|x86.Build.0 = Debug|Any CPU
		{80A69300-0E60-46A9-BECC-EEC0E7A93CFC}.Release|Any CPU.ActiveCfg = Release|Any CPU
		{80A69300-0E60-46A9-BECC-EEC0E7A93CFC}.Release|Any CPU.Build.0 = Release|Any CPU
		{80A69300-0E60-46A9-BECC-EEC0E7A93CFC}.Release|x64.ActiveCfg = Release|Any CPU
		{80A69300-0E60-46A9-BECC-EEC0E7A93CFC}.Release|x64.Build.0 = Release|Any CPU
		{80A69300-0E60-46A9-BECC-EEC0E7A93CFC}.Release|x86.ActiveCfg = Release|Any CPU
		{80A69300-0E60-46A9-BECC-EEC0E7A93CFC}.Release|x86.Build.0 = Release|Any CPU
		{7CAAB710-549B-4375-816D-317804473874}.Debug|Any CPU.ActiveCfg = Debug|Any CPU
		{7CAAB710-549B-4375-816D-317804473874}.Debug|Any CPU.Build.0 = Debug|Any CPU
		{7CAAB710-549B-4375-816D-317804473874}.Debug|x64.ActiveCfg = Debug|x64
		{7CAAB710-549B-4375-816D-317804473874}.Debug|x86.ActiveCfg = Debug|x86
		{7CAAB710-549B-4375-816D-317804473874}.Release|Any CPU.ActiveCfg = Release|Any CPU
		{7CAAB710-549B-4375-816D-317804473874}.Release|Any CPU.Build.0 = Release|Any CPU
		{7CAAB710-549B-4375-816D-317804473874}.Release|x64.ActiveCfg = Release|x64
		{7CAAB710-549B-4375-816D-317804473874}.Release|x86.ActiveCfg = Release|x86
		{695BCC6C-4CCE-4701-8645-14B48B5DDC61}.Debug|Any CPU.ActiveCfg = Debug|Any CPU
		{695BCC6C-4CCE-4701-8645-14B48B5DDC61}.Debug|Any CPU.Build.0 = Debug|Any CPU
		{695BCC6C-4CCE-4701-8645-14B48B5DDC61}.Debug|x64.ActiveCfg = Debug|Any CPU
		{695BCC6C-4CCE-4701-8645-14B48B5DDC61}.Debug|x64.Build.0 = Debug|Any CPU
		{695BCC6C-4CCE-4701-8645-14B48B5DDC61}.Debug|x86.ActiveCfg = Debug|Any CPU
		{695BCC6C-4CCE-4701-8645-14B48B5DDC61}.Debug|x86.Build.0 = Debug|Any CPU
		{695BCC6C-4CCE-4701-8645-14B48B5DDC61}.Release|Any CPU.ActiveCfg = Release|Any CPU
		{695BCC6C-4CCE-4701-8645-14B48B5DDC61}.Release|Any CPU.Build.0 = Release|Any CPU
		{695BCC6C-4CCE-4701-8645-14B48B5DDC61}.Release|x64.ActiveCfg = Release|Any CPU
		{695BCC6C-4CCE-4701-8645-14B48B5DDC61}.Release|x64.Build.0 = Release|Any CPU
		{695BCC6C-4CCE-4701-8645-14B48B5DDC61}.Release|x86.ActiveCfg = Release|Any CPU
		{695BCC6C-4CCE-4701-8645-14B48B5DDC61}.Release|x86.Build.0 = Release|Any CPU
	EndGlobalSection
	GlobalSection(SolutionProperties) = preSolution
		HideSolutionNode = FALSE
	EndGlobalSection
	GlobalSection(NestedProjects) = preSolution
		{695BCC6C-4CCE-4701-8645-14B48B5DDC61} = {0AB3BF05-4346-4AA6-1389-037BE0695223}
	EndGlobalSection
EndGlobal
